// !$*UTF8*$!
{
	archiveVersion = 1;
	classes = {
	};
	objectVersion = 50;
	objects = {

/* Begin PBXBuildFile section */
		122FF46124F06E1D00720EB7 /* GridLayout.swift in Sources */ = {isa = PBXBuildFile; fileRef = 122FF46024F06E1D00720EB7 /* GridLayout.swift */; };
		122FF46324F070E300720EB7 /* Array+Identifiable.swift in Sources */ = {isa = PBXBuildFile; fileRef = 122FF46224F070E300720EB7 /* Array+Identifiable.swift */; };
		122FF46524F07D3F00720EB7 /* Array+Only.swift in Sources */ = {isa = PBXBuildFile; fileRef = 122FF46424F07D3F00720EB7 /* Array+Only.swift */; };
		123EF1F624EDFCE800F18A6D /* EmojiMemoryGameView.swift in Sources */ = {isa = PBXBuildFile; fileRef = 123EF1F524EDFCE800F18A6D /* EmojiMemoryGameView.swift */; };
		1295247024B2F90100FC80CA /* AppDelegate.swift in Sources */ = {isa = PBXBuildFile; fileRef = 1295246F24B2F90100FC80CA /* AppDelegate.swift */; };
		1295247224B2F90100FC80CA /* SceneDelegate.swift in Sources */ = {isa = PBXBuildFile; fileRef = 1295247124B2F90100FC80CA /* SceneDelegate.swift */; };
		1295247624B2F90300FC80CA /* Assets.xcassets in Resources */ = {isa = PBXBuildFile; fileRef = 1295247524B2F90300FC80CA /* Assets.xcassets */; };
		1295247924B2F90300FC80CA /* Preview Assets.xcassets in Resources */ = {isa = PBXBuildFile; fileRef = 1295247824B2F90300FC80CA /* Preview Assets.xcassets */; };
		1295247C24B2F90300FC80CA /* LaunchScreen.storyboard in Resources */ = {isa = PBXBuildFile; fileRef = 1295247A24B2F90300FC80CA /* LaunchScreen.storyboard */; };
		1295248724B2F90300FC80CA /* MemorizeTests.swift in Sources */ = {isa = PBXBuildFile; fileRef = 1295248624B2F90300FC80CA /* MemorizeTests.swift */; };
		1295249224B2F90300FC80CA /* MemorizeUITests.swift in Sources */ = {isa = PBXBuildFile; fileRef = 1295249124B2F90300FC80CA /* MemorizeUITests.swift */; };
		12BF964624EF394D00142FDC /* Grid.swift in Sources */ = {isa = PBXBuildFile; fileRef = 12BF964524EF394D00142FDC /* Grid.swift */; };
		12EDAF2724E4DB8C005BF47B /* MemoryGame.swift in Sources */ = {isa = PBXBuildFile; fileRef = 12EDAF2624E4DB8C005BF47B /* MemoryGame.swift */; };
		12EDAF2924E4DD3B005BF47B /* EmojiMemoryGame.swift in Sources */ = {isa = PBXBuildFile; fileRef = 12EDAF2824E4DD3B005BF47B /* EmojiMemoryGame.swift */; };
/* End PBXBuildFile section */

/* Begin PBXContainerItemProxy section */
		1295248324B2F90300FC80CA /* PBXContainerItemProxy */ = {
			isa = PBXContainerItemProxy;
			containerPortal = 1295246424B2F90100FC80CA /* Project object */;
			proxyType = 1;
			remoteGlobalIDString = 1295246B24B2F90100FC80CA;
			remoteInfo = Memorize;
		};
		1295248E24B2F90300FC80CA /* PBXContainerItemProxy */ = {
			isa = PBXContainerItemProxy;
			containerPortal = 1295246424B2F90100FC80CA /* Project object */;
			proxyType = 1;
			remoteGlobalIDString = 1295246B24B2F90100FC80CA;
			remoteInfo = Memorize;
		};
/* End PBXContainerItemProxy section */

/* Begin PBXFileReference section */
		122FF46024F06E1D00720EB7 /* GridLayout.swift */ = {isa = PBXFileReference; fileEncoding = 4; lastKnownFileType = sourcecode.swift; path = GridLayout.swift; sourceTree = "<group>"; };
		122FF46224F070E300720EB7 /* Array+Identifiable.swift */ = {isa = PBXFileReference; lastKnownFileType = sourcecode.swift; path = "Array+Identifiable.swift"; sourceTree = "<group>"; };
		122FF46424F07D3F00720EB7 /* Array+Only.swift */ = {isa = PBXFileReference; lastKnownFileType = sourcecode.swift; path = "Array+Only.swift"; sourceTree = "<group>"; };
		123EF1F524EDFCE800F18A6D /* EmojiMemoryGameView.swift */ = {isa = PBXFileReference; lastKnownFileType = sourcecode.swift; path = EmojiMemoryGameView.swift; sourceTree = "<group>"; };
		1295246C24B2F90100FC80CA /* Memorize.app */ = {isa = PBXFileReference; explicitFileType = wrapper.application; includeInIndex = 0; path = Memorize.app; sourceTree = BUILT_PRODUCTS_DIR; };
		1295246F24B2F90100FC80CA /* AppDelegate.swift */ = {isa = PBXFileReference; lastKnownFileType = sourcecode.swift; path = AppDelegate.swift; sourceTree = "<group>"; };
		1295247124B2F90100FC80CA /* SceneDelegate.swift */ = {isa = PBXFileReference; lastKnownFileType = sourcecode.swift; path = SceneDelegate.swift; sourceTree = "<group>"; };
		1295247524B2F90300FC80CA /* Assets.xcassets */ = {isa = PBXFileReference; lastKnownFileType = folder.assetcatalog; path = Assets.xcassets; sourceTree = "<group>"; };
		1295247824B2F90300FC80CA /* Preview Assets.xcassets */ = {isa = PBXFileReference; lastKnownFileType = folder.assetcatalog; path = "Preview Assets.xcassets"; sourceTree = "<group>"; };
		1295247B24B2F90300FC80CA /* Base */ = {isa = PBXFileReference; lastKnownFileType = file.storyboard; name = Base; path = Base.lproj/LaunchScreen.storyboard; sourceTree = "<group>"; };
		1295247D24B2F90300FC80CA /* Info.plist */ = {isa = PBXFileReference; lastKnownFileType = text.plist.xml; path = Info.plist; sourceTree = "<group>"; };
		1295248224B2F90300FC80CA /* MemorizeTests.xctest */ = {isa = PBXFileReference; explicitFileType = wrapper.cfbundle; includeInIndex = 0; path = MemorizeTests.xctest; sourceTree = BUILT_PRODUCTS_DIR; };
		1295248624B2F90300FC80CA /* MemorizeTests.swift */ = {isa = PBXFileReference; lastKnownFileType = sourcecode.swift; path = MemorizeTests.swift; sourceTree = "<group>"; };
		1295248824B2F90300FC80CA /* Info.plist */ = {isa = PBXFileReference; lastKnownFileType = text.plist.xml; path = Info.plist; sourceTree = "<group>"; };
		1295248D24B2F90300FC80CA /* MemorizeUITests.xctest */ = {isa = PBXFileReference; explicitFileType = wrapper.cfbundle; includeInIndex = 0; path = MemorizeUITests.xctest; sourceTree = BUILT_PRODUCTS_DIR; };
		1295249124B2F90300FC80CA /* MemorizeUITests.swift */ = {isa = PBXFileReference; lastKnownFileType = sourcecode.swift; path = MemorizeUITests.swift; sourceTree = "<group>"; };
		1295249324B2F90300FC80CA /* Info.plist */ = {isa = PBXFileReference; lastKnownFileType = text.plist.xml; path = Info.plist; sourceTree = "<group>"; };
		12BF964524EF394D00142FDC /* Grid.swift */ = {isa = PBXFileReference; lastKnownFileType = sourcecode.swift; path = Grid.swift; sourceTree = "<group>"; };
		12EDAF2624E4DB8C005BF47B /* MemoryGame.swift */ = {isa = PBXFileReference; lastKnownFileType = sourcecode.swift; path = MemoryGame.swift; sourceTree = "<group>"; };
		12EDAF2824E4DD3B005BF47B /* EmojiMemoryGame.swift */ = {isa = PBXFileReference; lastKnownFileType = sourcecode.swift; path = EmojiMemoryGame.swift; sourceTree = "<group>"; };
/* End PBXFileReference section */

/* Begin PBXFrameworksBuildPhase section */
		1295246924B2F90100FC80CA /* Frameworks */ = {
			isa = PBXFrameworksBuildPhase;
			buildActionMask = 2147483647;
			files = (
			);
			runOnlyForDeploymentPostprocessing = 0;
		};
		1295247F24B2F90300FC80CA /* Frameworks */ = {
			isa = PBXFrameworksBuildPhase;
			buildActionMask = 2147483647;
			files = (
			);
			runOnlyForDeploymentPostprocessing = 0;
		};
		1295248A24B2F90300FC80CA /* Frameworks */ = {
			isa = PBXFrameworksBuildPhase;
			buildActionMask = 2147483647;
			files = (
			);
			runOnlyForDeploymentPostprocessing = 0;
		};
/* End PBXFrameworksBuildPhase section */

/* Begin PBXGroup section */
		1295246324B2F90100FC80CA = {
			isa = PBXGroup;
			children = (
				1295246E24B2F90100FC80CA /* Memorize */,
				1295248524B2F90300FC80CA /* MemorizeTests */,
				1295249024B2F90300FC80CA /* MemorizeUITests */,
				1295246D24B2F90100FC80CA /* Products */,
			);
			sourceTree = "<group>";
		};
		1295246D24B2F90100FC80CA /* Products */ = {
			isa = PBXGroup;
			children = (
				1295246C24B2F90100FC80CA /* Memorize.app */,
				1295248224B2F90300FC80CA /* MemorizeTests.xctest */,
				1295248D24B2F90300FC80CA /* MemorizeUITests.xctest */,
			);
			name = Products;
			sourceTree = "<group>";
		};
		1295246E24B2F90100FC80CA /* Memorize */ = {
			isa = PBXGroup;
			children = (
				1295246F24B2F90100FC80CA /* AppDelegate.swift */,
				123EF1F524EDFCE800F18A6D /* EmojiMemoryGameView.swift */,
				12BF964524EF394D00142FDC /* Grid.swift */,
				122FF46224F070E300720EB7 /* Array+Identifiable.swift */,
				122FF46024F06E1D00720EB7 /* GridLayout.swift */,
				1295247124B2F90100FC80CA /* SceneDelegate.swift */,
				12EDAF2824E4DD3B005BF47B /* EmojiMemoryGame.swift */,
				12EDAF2624E4DB8C005BF47B /* MemoryGame.swift */,
				122FF46424F07D3F00720EB7 /* Array+Only.swift */,
				1295247524B2F90300FC80CA /* Assets.xcassets */,
				1295247A24B2F90300FC80CA /* LaunchScreen.storyboard */,
				1295247D24B2F90300FC80CA /* Info.plist */,
				1295247724B2F90300FC80CA /* Preview Content */,
			);
			path = Memorize;
			sourceTree = "<group>";
		};
		1295247724B2F90300FC80CA /* Preview Content */ = {
			isa = PBXGroup;
			children = (
				1295247824B2F90300FC80CA /* Preview Assets.xcassets */,
			);
			path = "Preview Content";
			sourceTree = "<group>";
		};
		1295248524B2F90300FC80CA /* MemorizeTests */ = {
			isa = PBXGroup;
			children = (
				1295248624B2F90300FC80CA /* MemorizeTests.swift */,
				1295248824B2F90300FC80CA /* Info.plist */,
			);
			path = MemorizeTests;
			sourceTree = "<group>";
		};
		1295249024B2F90300FC80CA /* MemorizeUITests */ = {
			isa = PBXGroup;
			children = (
				1295249124B2F90300FC80CA /* MemorizeUITests.swift */,
				1295249324B2F90300FC80CA /* Info.plist */,
			);
			path = MemorizeUITests;
			sourceTree = "<group>";
		};
/* End PBXGroup section */

/* Begin PBXNativeTarget section */
		1295246B24B2F90100FC80CA /* Memorize */ = {
			isa = PBXNativeTarget;
			buildConfigurationList = 1295249624B2F90300FC80CA /* Build configuration list for PBXNativeTarget "Memorize" */;
			buildPhases = (
				1295246824B2F90100FC80CA /* Sources */,
				1295246924B2F90100FC80CA /* Frameworks */,
				1295246A24B2F90100FC80CA /* Resources */,
			);
			buildRules = (
			);
			dependencies = (
			);
			name = Memorize;
			productName = Memorize;
			productReference = 1295246C24B2F90100FC80CA /* Memorize.app */;
			productType = "com.apple.product-type.application";
		};
		1295248124B2F90300FC80CA /* MemorizeTests */ = {
			isa = PBXNativeTarget;
			buildConfigurationList = 1295249924B2F90300FC80CA /* Build configuration list for PBXNativeTarget "MemorizeTests" */;
			buildPhases = (
				1295247E24B2F90300FC80CA /* Sources */,
				1295247F24B2F90300FC80CA /* Frameworks */,
				1295248024B2F90300FC80CA /* Resources */,
			);
			buildRules = (
			);
			dependencies = (
				1295248424B2F90300FC80CA /* PBXTargetDependency */,
			);
			name = MemorizeTests;
			productName = MemorizeTests;
			productReference = 1295248224B2F90300FC80CA /* MemorizeTests.xctest */;
			productType = "com.apple.product-type.bundle.unit-test";
		};
		1295248C24B2F90300FC80CA /* MemorizeUITests */ = {
			isa = PBXNativeTarget;
			buildConfigurationList = 1295249C24B2F90300FC80CA /* Build configuration list for PBXNativeTarget "MemorizeUITests" */;
			buildPhases = (
				1295248924B2F90300FC80CA /* Sources */,
				1295248A24B2F90300FC80CA /* Frameworks */,
				1295248B24B2F90300FC80CA /* Resources */,
			);
			buildRules = (
			);
			dependencies = (
				1295248F24B2F90300FC80CA /* PBXTargetDependency */,
			);
			name = MemorizeUITests;
			productName = MemorizeUITests;
			productReference = 1295248D24B2F90300FC80CA /* MemorizeUITests.xctest */;
			productType = "com.apple.product-type.bundle.ui-testing";
		};
/* End PBXNativeTarget section */

/* Begin PBXProject section */
		1295246424B2F90100FC80CA /* Project object */ = {
			isa = PBXProject;
			attributes = {
				LastSwiftUpdateCheck = 1120;
				LastUpgradeCheck = 1120;
				ORGANIZATIONNAME = "Nidhi Panchal";
				TargetAttributes = {
					1295246B24B2F90100FC80CA = {
						CreatedOnToolsVersion = 11.2.1;
					};
					1295248124B2F90300FC80CA = {
						CreatedOnToolsVersion = 11.2.1;
						TestTargetID = 1295246B24B2F90100FC80CA;
					};
					1295248C24B2F90300FC80CA = {
						CreatedOnToolsVersion = 11.2.1;
						TestTargetID = 1295246B24B2F90100FC80CA;
					};
				};
			};
			buildConfigurationList = 1295246724B2F90100FC80CA /* Build configuration list for PBXProject "Memorize" */;
			compatibilityVersion = "Xcode 9.3";
			developmentRegion = en;
			hasScannedForEncodings = 0;
			knownRegions = (
				en,
				Base,
			);
			mainGroup = 1295246324B2F90100FC80CA;
			productRefGroup = 1295246D24B2F90100FC80CA /* Products */;
			projectDirPath = "";
			projectRoot = "";
			targets = (
				1295246B24B2F90100FC80CA /* Memorize */,
				1295248124B2F90300FC80CA /* MemorizeTests */,
				1295248C24B2F90300FC80CA /* MemorizeUITests */,
			);
		};
/* End PBXProject section */

/* Begin PBXResourcesBuildPhase section */
		1295246A24B2F90100FC80CA /* Resources */ = {
			isa = PBXResourcesBuildPhase;
			buildActionMask = 2147483647;
			files = (
				1295247C24B2F90300FC80CA /* LaunchScreen.storyboard in Resources */,
				1295247924B2F90300FC80CA /* Preview Assets.xcassets in Resources */,
				1295247624B2F90300FC80CA /* Assets.xcassets in Resources */,
			);
			runOnlyForDeploymentPostprocessing = 0;
		};
		1295248024B2F90300FC80CA /* Resources */ = {
			isa = PBXResourcesBuildPhase;
			buildActionMask = 2147483647;
			files = (
			);
			runOnlyForDeploymentPostprocessing = 0;
		};
		1295248B24B2F90300FC80CA /* Resources */ = {
			isa = PBXResourcesBuildPhase;
			buildActionMask = 2147483647;
			files = (
			);
			runOnlyForDeploymentPostprocessing = 0;
		};
/* End PBXResourcesBuildPhase section */

/* Begin PBXSourcesBuildPhase section */
		1295246824B2F90100FC80CA /* Sources */ = {
			isa = PBXSourcesBuildPhase;
			buildActionMask = 2147483647;
			files = (
				1295247024B2F90100FC80CA /* AppDelegate.swift in Sources */,
				1295247224B2F90100FC80CA /* SceneDelegate.swift in Sources */,
				123EF1F624EDFCE800F18A6D /* EmojiMemoryGameView.swift in Sources */,
				122FF46524F07D3F00720EB7 /* Array+Only.swift in Sources */,
				12EDAF2724E4DB8C005BF47B /* MemoryGame.swift in Sources */,
				12EDAF2924E4DD3B005BF47B /* EmojiMemoryGame.swift in Sources */,
				122FF46324F070E300720EB7 /* Array+Identifiable.swift in Sources */,
				122FF46124F06E1D00720EB7 /* GridLayout.swift in Sources */,
				12BF964624EF394D00142FDC /* Grid.swift in Sources */,
			);
			runOnlyForDeploymentPostprocessing = 0;
		};
		1295247E24B2F90300FC80CA /* Sources */ = {
			isa = PBXSourcesBuildPhase;
			buildActionMask = 2147483647;
			files = (
				1295248724B2F90300FC80CA /* MemorizeTests.swift in Sources */,
			);
			runOnlyForDeploymentPostprocessing = 0;
		};
		1295248924B2F90300FC80CA /* Sources */ = {
			isa = PBXSourcesBuildPhase;
			buildActionMask = 2147483647;
			files = (
				1295249224B2F90300FC80CA /* MemorizeUITests.swift in Sources */,
			);
			runOnlyForDeploymentPostprocessing = 0;
		};
/* End PBXSourcesBuildPhase section */

/* Begin PBXTargetDependency section */
		1295248424B2F90300FC80CA /* PBXTargetDependency */ = {
			isa = PBXTargetDependency;
			target = 1295246B24B2F90100FC80CA /* Memorize */;
			targetProxy = 1295248324B2F90300FC80CA /* PBXContainerItemProxy */;
		};
		1295248F24B2F90300FC80CA /* PBXTargetDependency */ = {
			isa = PBXTargetDependency;
			target = 1295246B24B2F90100FC80CA /* Memorize */;
			targetProxy = 1295248E24B2F90300FC80CA /* PBXContainerItemProxy */;
		};
/* End PBXTargetDependency section */

/* Begin PBXVariantGroup section */
		1295247A24B2F90300FC80CA /* LaunchScreen.storyboard */ = {
			isa = PBXVariantGroup;
			children = (
				1295247B24B2F90300FC80CA /* Base */,
			);
			name = LaunchScreen.storyboard;
			sourceTree = "<group>";
		};
/* End PBXVariantGroup section */

/* Begin XCBuildConfiguration section */
		1295249424B2F90300FC80CA /* Debug */ = {
			isa = XCBuildConfiguration;
			buildSettings = {
				ALWAYS_SEARCH_USER_PATHS = NO;
				CLANG_ANALYZER_NONNULL = YES;
				CLANG_ANALYZER_NUMBER_OBJECT_CONVERSION = YES_AGGRESSIVE;
				CLANG_CXX_LANGUAGE_STANDARD = "gnu++14";
				CLANG_CXX_LIBRARY = "libc++";
				CLANG_ENABLE_MODULES = YES;
				CLANG_ENABLE_OBJC_ARC = YES;
				CLANG_ENABLE_OBJC_WEAK = YES;
				CLANG_WARN_BLOCK_CAPTURE_AUTORELEASING = YES;
				CLANG_WARN_BOOL_CONVERSION = YES;
				CLANG_WARN_COMMA = YES;
				CLANG_WARN_CONSTANT_CONVERSION = YES;
				CLANG_WARN_DEPRECATED_OBJC_IMPLEMENTATIONS = YES;
				CLANG_WARN_DIRECT_OBJC_ISA_USAGE = YES_ERROR;
				CLANG_WARN_DOCUMENTATION_COMMENTS = YES;
				CLANG_WARN_EMPTY_BODY = YES;
				CLANG_WARN_ENUM_CONVERSION = YES;
				CLANG_WARN_INFINITE_RECURSION = YES;
				CLANG_WARN_INT_CONVERSION = YES;
				CLANG_WARN_NON_LITERAL_NULL_CONVERSION = YES;
				CLANG_WARN_OBJC_IMPLICIT_RETAIN_SELF = YES;
				CLANG_WARN_OBJC_LITERAL_CONVERSION = YES;
				CLANG_WARN_OBJC_ROOT_CLASS = YES_ERROR;
				CLANG_WARN_RANGE_LOOP_ANALYSIS = YES;
				CLANG_WARN_STRICT_PROTOTYPES = YES;
				CLANG_WARN_SUSPICIOUS_MOVE = YES;
				CLANG_WARN_UNGUARDED_AVAILABILITY = YES_AGGRESSIVE;
				CLANG_WARN_UNREACHABLE_CODE = YES;
				CLANG_WARN__DUPLICATE_METHOD_MATCH = YES;
				COPY_PHASE_STRIP = NO;
				DEBUG_INFORMATION_FORMAT = dwarf;
				ENABLE_STRICT_OBJC_MSGSEND = YES;
				ENABLE_TESTABILITY = YES;
				GCC_C_LANGUAGE_STANDARD = gnu11;
				GCC_DYNAMIC_NO_PIC = NO;
				GCC_NO_COMMON_BLOCKS = YES;
				GCC_OPTIMIZATION_LEVEL = 0;
				GCC_PREPROCESSOR_DEFINITIONS = (
					"DEBUG=1",
					"$(inherited)",
				);
				GCC_WARN_64_TO_32_BIT_CONVERSION = YES;
				GCC_WARN_ABOUT_RETURN_TYPE = YES_ERROR;
				GCC_WARN_UNDECLARED_SELECTOR = YES;
				GCC_WARN_UNINITIALIZED_AUTOS = YES_AGGRESSIVE;
				GCC_WARN_UNUSED_FUNCTION = YES;
				GCC_WARN_UNUSED_VARIABLE = YES;
				IPHONEOS_DEPLOYMENT_TARGET = 13.2;
				MTL_ENABLE_DEBUG_INFO = INCLUDE_SOURCE;
				MTL_FAST_MATH = YES;
				ONLY_ACTIVE_ARCH = YES;
				SDKROOT = iphoneos;
				SWIFT_ACTIVE_COMPILATION_CONDITIONS = DEBUG;
				SWIFT_OPTIMIZATION_LEVEL = "-Onone";
			};
			name = Debug;
		};
		1295249524B2F90300FC80CA /* Release */ = {
			isa = XCBuildConfiguration;
			buildSettings = {
				ALWAYS_SEARCH_USER_PATHS = NO;
				CLANG_ANALYZER_NONNULL = YES;
				CLANG_ANALYZER_NUMBER_OBJECT_CONVERSION = YES_AGGRESSIVE;
				CLANG_CXX_LANGUAGE_STANDARD = "gnu++14";
				CLANG_CXX_LIBRARY = "libc++";
				CLANG_ENABLE_MODULES = YES;
				CLANG_ENABLE_OBJC_ARC = YES;
				CLANG_ENABLE_OBJC_WEAK = YES;
				CLANG_WARN_BLOCK_CAPTURE_AUTORELEASING = YES;
				CLANG_WARN_BOOL_CONVERSION = YES;
				CLANG_WARN_COMMA = YES;
				CLANG_WARN_CONSTANT_CONVERSION = YES;
				CLANG_WARN_DEPRECATED_OBJC_IMPLEMENTATIONS = YES;
				CLANG_WARN_DIRECT_OBJC_ISA_USAGE = YES_ERROR;
				CLANG_WARN_DOCUMENTATION_COMMENTS = YES;
				CLANG_WARN_EMPTY_BODY = YES;
				CLANG_WARN_ENUM_CONVERSION = YES;
				CLANG_WARN_INFINITE_RECURSION = YES;
				CLANG_WARN_INT_CONVERSION = YES;
				CLANG_WARN_NON_LITERAL_NULL_CONVERSION = YES;
				CLANG_WARN_OBJC_IMPLICIT_RETAIN_SELF = YES;
				CLANG_WARN_OBJC_LITERAL_CONVERSION = YES;
				CLANG_WARN_OBJC_ROOT_CLASS = YES_ERROR;
				CLANG_WARN_RANGE_LOOP_ANALYSIS = YES;
				CLANG_WARN_STRICT_PROTOTYPES = YES;
				CLANG_WARN_SUSPICIOUS_MOVE = YES;
				CLANG_WARN_UNGUARDED_AVAILABILITY = YES_AGGRESSIVE;
				CLANG_WARN_UNREACHABLE_CODE = YES;
				CLANG_WARN__DUPLICATE_METHOD_MATCH = YES;
				COPY_PHASE_STRIP = NO;
				DEBUG_INFORMATION_FORMAT = "dwarf-with-dsym";
				ENABLE_NS_ASSERTIONS = NO;
				ENABLE_STRICT_OBJC_MSGSEND = YES;
				GCC_C_LANGUAGE_STANDARD = gnu11;
				GCC_NO_COMMON_BLOCKS = YES;
				GCC_WARN_64_TO_32_BIT_CONVERSION = YES;
				GCC_WARN_ABOUT_RETURN_TYPE = YES_ERROR;
				GCC_WARN_UNDECLARED_SELECTOR = YES;
				GCC_WARN_UNINITIALIZED_AUTOS = YES_AGGRESSIVE;
				GCC_WARN_UNUSED_FUNCTION = YES;
				GCC_WARN_UNUSED_VARIABLE = YES;
				IPHONEOS_DEPLOYMENT_TARGET = 13.2;
				MTL_ENABLE_DEBUG_INFO = NO;
				MTL_FAST_MATH = YES;
				SDKROOT = iphoneos;
				SWIFT_COMPILATION_MODE = wholemodule;
				SWIFT_OPTIMIZATION_LEVEL = "-O";
				VALIDATE_PRODUCT = YES;
			};
			name = Release;
		};
		1295249724B2F90300FC80CA /* Debug */ = {
			isa = XCBuildConfiguration;
			buildSettings = {
				ASSETCATALOG_COMPILER_APPICON_NAME = AppIcon;
				CODE_SIGN_STYLE = Automatic;
				DEVELOPMENT_ASSET_PATHS = "\"Memorize/Preview Content\"";
				ENABLE_PREVIEWS = YES;
				INFOPLIST_FILE = Memorize/Info.plist;
				LD_RUNPATH_SEARCH_PATHS = (
					"$(inherited)",
					"@executable_path/Frameworks",
				);
				PRODUCT_BUNDLE_IDENTIFIER = cs.Memorize;
				PRODUCT_NAME = "$(TARGET_NAME)";
				SWIFT_VERSION = 5.0;
				TARGETED_DEVICE_FAMILY = "1,2";
			};
			name = Debug;
		};
		1295249824B2F90300FC80CA /* Release */ = {
			isa = XCBuildConfiguration;
			buildSettings = {
				ASSETCATALOG_COMPILER_APPICON_NAME = AppIcon;
				CODE_SIGN_STYLE = Automatic;
				DEVELOPMENT_ASSET_PATHS = "\"Memorize/Preview Content\"";
				ENABLE_PREVIEWS = YES;
				INFOPLIST_FILE = Memorize/Info.plist;
				LD_RUNPATH_SEARCH_PATHS = (
					"$(inherited)",
					"@executable_path/Frameworks",
				);
				PRODUCT_BUNDLE_IDENTIFIER = cs.Memorize;
				PRODUCT_NAME = "$(TARGET_NAME)";
				SWIFT_VERSION = 5.0;
				TARGETED_DEVICE_FAMILY = "1,2";
			};
			name = Release;
		};
		1295249A24B2F90300FC80CA /* Debug */ = {
			isa = XCBuildConfiguration;
			buildSettings = {
				ALWAYS_EMBED_SWIFT_STANDARD_LIBRARIES = YES;
				BUNDLE_LOADER = "$(TEST_HOST)";
				CODE_SIGN_STYLE = Automatic;
				INFOPLIST_FILE = MemorizeTests/Info.plist;
				IPHONEOS_DEPLOYMENT_TARGET = 13.2;
				LD_RUNPATH_SEARCH_PATHS = (
					"$(inherited)",
					"@executable_path/Frameworks",
					"@loader_path/Frameworks",
				);
				PRODUCT_BUNDLE_IDENTIFIER = cs.MemorizeTests;
				PRODUCT_NAME = "$(TARGET_NAME)";
				SWIFT_VERSION = 5.0;
				TARGETED_DEVICE_FAMILY = "1,2";
				TEST_HOST = "$(BUILT_PRODUCTS_DIR)/Memorize.app/Memorize";
			};
			name = Debug;
		};
		1295249B24B2F90300FC80CA /* Release */ = {
			isa = XCBuildConfiguration;
			buildSettings = {
				ALWAYS_EMBED_SWIFT_STANDARD_LIBRARIES = YES;
				BUNDLE_LOADER = "$(TEST_HOST)";
				CODE_SIGN_STYLE = Automatic;
				INFOPLIST_FILE = MemorizeTests/Info.plist;
				IPHONEOS_DEPLOYMENT_TARGET = 13.2;
				LD_RUNPATH_SEARCH_PATHS = (
					"$(inherited)",
					"@executable_path/Frameworks",
					"@loader_path/Frameworks",
				);
				PRODUCT_BUNDLE_IDENTIFIER = cs.MemorizeTests;
				PRODUCT_NAME = "$(TARGET_NAME)";
				SWIFT_VERSION = 5.0;
				TARGETED_DEVICE_FAMILY = "1,2";
				TEST_HOST = "$(BUILT_PRODUCTS_DIR)/Memorize.app/Memorize";
			};
			name = Release;
		};
		1295249D24B2F90300FC80CA /* Debug */ = {
			isa = XCBuildConfiguration;
			buildSettings = {
				ALWAYS_EMBED_SWIFT_STANDARD_LIBRARIES = YES;
				CODE_SIGN_STYLE = Automatic;
				INFOPLIST_FILE = MemorizeUITests/Info.plist;
				LD_RUNPATH_SEARCH_PATHS = (
					"$(inherited)",
					"@executable_path/Frameworks",
					"@loader_path/Frameworks",
				);
				PRODUCT_BUNDLE_IDENTIFIER = cs.MemorizeUITests;
				PRODUCT_NAME = "$(TARGET_NAME)";
				SWIFT_VERSION = 5.0;
				TARGETED_DEVICE_FAMILY = "1,2";
				TEST_TARGET_NAME = Memorize;
			};
			name = Debug;
		};
		1295249E24B2F90300FC80CA /* Release */ = {
			isa = XCBuildConfiguration;
			buildSettings = {
				ALWAYS_EMBED_SWIFT_STANDARD_LIBRARIES = YES;
				CODE_SIGN_STYLE = Automatic;
				INFOPLIST_FILE = MemorizeUITests/Info.plist;
				LD_RUNPATH_SEARCH_PATHS = (
					"$(inherited)",
					"@executable_path/Frameworks",
					"@loader_path/Frameworks",
				);
				PRODUCT_BUNDLE_IDENTIFIER = cs.MemorizeUITests;
				PRODUCT_NAME = "$(TARGET_NAME)";
				SWIFT_VERSION = 5.0;
				TARGETED_DEVICE_FAMILY = "1,2";
				TEST_TARGET_NAME = Memorize;
			};
			name = Release;
		};
/* End XCBuildConfiguration section */

/* Begin XCConfigurationList section */
		1295246724B2F90100FC80CA /* Build configuration list for PBXProject "Memorize" */ = {
			isa = XCConfigurationList;
			buildConfigurations = (
				1295249424B2F90300FC80CA /* Debug */,
				1295249524B2F90300FC80CA /* Release */,
			);
			defaultConfigurationIsVisible = 0;
			defaultConfigurationName = Release;
		};
		1295249624B2F90300FC80CA /* Build configuration list for PBXNativeTarget "Memorize" */ = {
			isa = XCConfigurationList;
			buildConfigurations = (
				1295249724B2F90300FC80CA /* Debug */,
				1295249824B2F90300FC80CA /* Release */,
			);
			defaultConfigurationIsVisible = 0;
			defaultConfigurationName = Release;
		};
		1295249924B2F90300FC80CA /* Build configuration list for PBXNativeTarget "MemorizeTests" */ = {
			isa = XCConfigurationList;
			buildConfigurations = (
				1295249A24B2F90300FC80CA /* Debug */,
				1295249B24B2F90300FC80CA /* Release */,
			);
			defaultConfigurationIsVisible = 0;
			defaultConfigurationName = Release;
		};
		1295249C24B2F90300FC80CA /* Build configuration list for PBXNativeTarget "MemorizeUITests" */ = {
			isa = XCConfigurationList;
			buildConfigurations = (
				1295249D24B2F90300FC80CA /* Debug */,
				1295249E24B2F90300FC80CA /* Release */,
			);
			defaultConfigurationIsVisible = 0;
			defaultConfigurationName = Release;
		};
/* End XCConfigurationList section */
	};
	rootObject = 1295246424B2F90100FC80CA /* Project object */;
}
